
Microsoft Visual Studio Solution File, Format Version 12.00
# Visual Studio Version 17
VisualStudioVersion = 17.13.35931.197
MinimumVisualStudioVersion = 10.0.40219.1
Project("{9A19103F-16F7-4668-BE54-9A1E7A4F7556}") = "Grupo04", "Grupo04\Grupo04.csproj", "{68DD8BEF-906C-40DF-B53E-8DE2B2A63C1B}"
EndProject
Project("{FAE04EC0-301F-11D3-BF4B-00C04F79EFBC}") = "Models", "Models\Models.csproj", "{756B92A2-F3BF-4E43-A79D-E7E1FBBE7162}"
EndProject
Global
	GlobalSection(SolutionConfigurationPlatforms) = preSolution
		Debug|Any CPU = Debug|Any CPU
		Release|Any CPU = Release|Any CPU
	EndGlobalSection
	GlobalSection(ProjectConfigurationPlatforms) = postSolution
		{68DD8BEF-906C-40DF-B53E-8DE2B2A63C1B}.Debug|Any CPU.ActiveCfg = Debug|Any CPU
		{68DD8BEF-906C-40DF-B53E-8DE2B2A63C1B}.Debug|Any CPU.Build.0 = Debug|Any CPU
		{68DD8BEF-906C-40DF-B53E-8DE2B2A63C1B}.Release|Any CPU.ActiveCfg = Release|Any CPU
		{68DD8BEF-906C-40DF-B53E-8DE2B2A63C1B}.Release|Any CPU.Build.0 = Release|Any CPU
		{756B92A2-F3BF-4E43-A79D-E7E1FBBE7162}.Debug|Any CPU.ActiveCfg = Debug|Any CPU
		{756B92A2-F3BF-4E43-A79D-E7E1FBBE7162}.Debug|Any CPU.Build.0 = Debug|Any CPU
		{756B92A2-F3BF-4E43-A79D-E7E1FBBE7162}.Release|Any CPU.ActiveCfg = Release|Any CPU
		{756B92A2-F3BF-4E43-A79D-E7E1FBBE7162}.Release|Any CPU.Build.0 = Release|Any CPU
	EndGlobalSection
	GlobalSection(SolutionProperties) = preSolution
		HideSolutionNode = FALSE
	EndGlobalSection
	GlobalSection(ExtensibilityGlobals) = postSolution
		SolutionGuid = {E5231C26-E28F-4947-AD8D-A9E221C28B2B}
	EndGlobalSection
EndGlobal
